
Microsoft Visual Studio Solution File, Format Version 12.00
# Visual Studio 15
VisualStudioVersion = 15.0.27703.2042
MinimumVisualStudioVersion = 10.0.40219.1
Project("{8BC9CEB8-8B4A-11D0-8D11-00A0C91BC942}") = "hw6", "hw6\hw6.vcxproj", "{66D71F37-DF21-4EE4-9B85-2A924C6284E3}"
EndProject
Global
	GlobalSection(SolutionConfigurationPlatforms) = preSolution
		Debug|x64 = Debug|x64
		Debug|x86 = Debug|x86
		Release|x64 = Release|x64
		Release|x86 = Release|x86
	EndGlobalSection
	GlobalSection(ProjectConfigurationPlatforms) = postSolution
		{66D71F37-DF21-4EE4-9B85-2A924C6284E3}.Debug|x64.ActiveCfg = Debug|x64
		{66D71F37-DF21-4EE4-9B85-2A924C6284E3}.Debug|x64.Build.0 = Debug|x64
		{66D71F37-DF21-4EE4-9B85-2A924C6284E3}.Debug|x86.ActiveCfg = Debug|Win32
		{66D71F37-DF21-4EE4-9B85-2A924C6284E3}.Debug|x86.Build.0 = Debug|Win32
		{66D71F37-DF21-4EE4-9B85-2A924C6284E3}.Release|x64.ActiveCfg = Release|x64
		{66D71F37-DF21-4EE4-9B85-2A924C6284E3}.Release|x64.Build.0 = Release|x64
		{66D71F37-DF21-4EE4-9B85-2A924C6284E3}.Release|x86.ActiveCfg = Release|Win32
		{66D71F37-DF21-4EE4-9B85-2A924C6284E3}.Release|x86.Build.0 = Release|Win32
	EndGlobalSection
	GlobalSection(SolutionProperties) = preSolution
		HideSolutionNode = FALSE
	EndGlobalSection
	GlobalSection(ExtensibilityGlobals) = postSolution
		SolutionGuid = {853E1984-3428-4F55-B03A-19B0FC78D480}
	EndGlobalSection
EndGlobal
